
Microsoft Visual Studio Solution File, Format Version 12.00
# Visual Studio 15
VisualStudioVersion = 15.0.27703.2035
MinimumVisualStudioVersion = 10.0.40219.1
Project("{FAE04EC0-301F-11D3-BF4B-00C04F79EFBC}") = "Tasks_2_and_3", "Tasks_2_and_3\Tasks_2_and_3.csproj", "{F9C2BD43-283D-4C9A-AE23-DCF01133C591}"
EndProject
Global
	GlobalSection(SolutionConfigurationPlatforms) = preSolution
		Debug|Any CPU = Debug|Any CPU
		Release|Any CPU = Release|Any CPU
	EndGlobalSection
	GlobalSection(ProjectConfigurationPlatforms) = postSolution
		{F9C2BD43-283D-4C9A-AE23-DCF01133C591}.Debug|Any CPU.ActiveCfg = Debug|Any CPU
		{F9C2BD43-283D-4C9A-AE23-DCF01133C591}.Debug|Any CPU.Build.0 = Debug|Any CPU
		{F9C2BD43-283D-4C9A-AE23-DCF01133C591}.Release|Any CPU.ActiveCfg = Release|Any CPU
		{F9C2BD43-283D-4C9A-AE23-DCF01133C591}.Release|Any CPU.Build.0 = Release|Any CPU
	EndGlobalSection
	GlobalSection(SolutionProperties) = preSolution
		HideSolutionNode = FALSE
	EndGlobalSection
	GlobalSection(ExtensibilityGlobals) = postSolution
		SolutionGuid = {9DCA2EDF-F9E2-4941-A408-A7A1FEED50AE}
	EndGlobalSection
EndGlobal
